
Microsoft Visual Studio Solution File, Format Version 12.00
# Visual Studio Version 18
VisualStudioVersion = 18.0.11123.170 d18.0
MinimumVisualStudioVersion = 10.0.40219.1
Project("{9A19103F-16F7-4668-BE54-9A1E7A4F7556}") = "ChatApp.Api", "source\App\ChatApp.Api\ChatApp.Api.csproj", "{C94356F5-F194-4AAE-8DC5-3160CA5B314A}"
EndProject
Project("{FAE04EC0-301F-11D3-BF4B-00C04F79EFBC}") = "ChatApp.Web", "source\App\ChatApp.Web\ChatApp.Web.csproj", "{29B0E4C3-B739-43C6-A206-9576B7B80197}"
EndProject
Project("{FAE04EC0-301F-11D3-BF4B-00C04F79EFBC}") = "ChatApp.Functions", "source\App\ChatApp.Functions\ChatApp.Functions.csproj", "{F560D2A7-F208-3AA1-C9D2-8BF5684A66BF}"
EndProject
Project("{2150E333-8FDC-42A3-9474-1A3956D46DE8}") = "Users", "Users", "{02EA681E-C7D8-13C7-8484-4AC65E1B71E8}"
EndProject
Project("{2150E333-8FDC-42A3-9474-1A3956D46DE8}") = "Shared", "Shared", "{5EADD5A8-39B9-436F-8BEC-32D89B68CA38}"
EndProject
Project("{2150E333-8FDC-42A3-9474-1A3956D46DE8}") = "App", "App", "{A1525764-5817-436D-9769-091BC8341B59}"
EndProject
Project("{FAE04EC0-301F-11D3-BF4B-00C04F79EFBC}") = "ChatApp.Users", "source\Users\ChatApp.Users\ChatApp.Users.csproj", "{24E000B9-CD95-4557-A107-D965C659D2A7}"
EndProject
Project("{FAE04EC0-301F-11D3-BF4B-00C04F79EFBC}") = "ChatApp.Shared.Data", "source\Shared\ChatApp.Shared.Data\ChatApp.Shared.Data.csproj", "{04855CD9-50AD-484D-B79A-46D1BD0E81FB}"
EndProject
Project("{FAE04EC0-301F-11D3-BF4B-00C04F79EFBC}") = "ChatApp.Shared.Model", "source\Shared\ChatApp.Shared.Model\ChatApp.Shared.Model.csproj", "{B3D8A25A-795D-43A1-9A21-57854B09244F}"
EndProject
Project("{2150E333-8FDC-42A3-9474-1A3956D46DE8}") = "Chats", "Chats", "{677D467C-9A31-4A45-B9B4-458AAF98B6F9}"
EndProject
Project("{FAE04EC0-301F-11D3-BF4B-00C04F79EFBC}") = "ChatApp.Chats", "source\Chats\ChatApp.Chats\ChatApp.Chats.csproj", "{CCEFA09A-B97C-407C-8538-4A2F30FE1F39}"
EndProject
Project("{2150E333-8FDC-42A3-9474-1A3956D46DE8}") = "Messages", "Messages", "{33493620-BB79-45F3-B2AE-241E67012347}"
EndProject
Project("{FAE04EC0-301F-11D3-BF4B-00C04F79EFBC}") = "ChatApp.Messages", "source\Messages\ChatApp.Messages\ChatApp.Messages.csproj", "{B284CFCF-E856-4866-ABB6-A508620B4D34}"
EndProject
Project("{FAE04EC0-301F-11D3-BF4B-00C04F79EFBC}") = "ChatApp.Chats.Tests", "source\Chats\ChatApp.Chats.Tests\ChatApp.Chats.Tests.csproj", "{9912AB24-823E-4371-843A-74CAFAE7D7A6}"
EndProject
Project("{FAE04EC0-301F-11D3-BF4B-00C04F79EFBC}") = "ChatApp.Users.Tests", "source\Users\ChatApp.Users.Tests\ChatApp.Users.Tests.csproj", "{8A00C7FA-D774-4137-904F-923D42606BCD}"
EndProject
Project("{FAE04EC0-301F-11D3-BF4B-00C04F79EFBC}") = "ChatApp.Shared.Tests", "source\Shared\ChatApp.Shared.Tests\ChatApp.Shared.Tests.csproj", "{650AD3ED-F60D-4F98-8BF4-A447C6306B1D}"
EndProject
Project("{FAE04EC0-301F-11D3-BF4B-00C04F79EFBC}") = "ChatApp.Messages.Tests", "source\Messages\ChatApp.Messages.Tests\ChatApp.Messages.Tests.csproj", "{4F5004DE-D739-49D6-9F5A-AE8D05E2D566}"
EndProject
Global
	GlobalSection(SolutionConfigurationPlatforms) = preSolution
		Debug|Any CPU = Debug|Any CPU
		Release|Any CPU = Release|Any CPU
	EndGlobalSection
	GlobalSection(ProjectConfigurationPlatforms) = postSolution
		{C94356F5-F194-4AAE-8DC5-3160CA5B314A}.Debug|Any CPU.ActiveCfg = Debug|Any CPU
		{C94356F5-F194-4AAE-8DC5-3160CA5B314A}.Debug|Any CPU.Build.0 = Debug|Any CPU
		{C94356F5-F194-4AAE-8DC5-3160CA5B314A}.Release|Any CPU.ActiveCfg = Release|Any CPU
		{C94356F5-F194-4AAE-8DC5-3160CA5B314A}.Release|Any CPU.Build.0 = Release|Any CPU
		{29B0E4C3-B739-43C6-A206-9576B7B80197}.Debug|Any CPU.ActiveCfg = Debug|Any CPU
		{29B0E4C3-B739-43C6-A206-9576B7B80197}.Debug|Any CPU.Build.0 = Debug|Any CPU
		{29B0E4C3-B739-43C6-A206-9576B7B80197}.Release|Any CPU.ActiveCfg = Release|Any CPU
		{29B0E4C3-B739-43C6-A206-9576B7B80197}.Release|Any CPU.Build.0 = Release|Any CPU
		{F560D2A7-F208-3AA1-C9D2-8BF5684A66BF}.Debug|Any CPU.ActiveCfg = Debug|Any CPU
		{F560D2A7-F208-3AA1-C9D2-8BF5684A66BF}.Debug|Any CPU.Build.0 = Debug|Any CPU
		{F560D2A7-F208-3AA1-C9D2-8BF5684A66BF}.Release|Any CPU.ActiveCfg = Release|Any CPU
		{F560D2A7-F208-3AA1-C9D2-8BF5684A66BF}.Release|Any CPU.Build.0 = Release|Any CPU
		{24E000B9-CD95-4557-A107-D965C659D2A7}.Debug|Any CPU.ActiveCfg = Debug|Any CPU
		{24E000B9-CD95-4557-A107-D965C659D2A7}.Debug|Any CPU.Build.0 = Debug|Any CPU
		{24E000B9-CD95-4557-A107-D965C659D2A7}.Release|Any CPU.ActiveCfg = Release|Any CPU
		{24E000B9-CD95-4557-A107-D965C659D2A7}.Release|Any CPU.Build.0 = Release|Any CPU
		{04855CD9-50AD-484D-B79A-46D1BD0E81FB}.Debug|Any CPU.ActiveCfg = Debug|Any CPU
		{04855CD9-50AD-484D-B79A-46D1BD0E81FB}.Debug|Any CPU.Build.0 = Debug|Any CPU
		{04855CD9-50AD-484D-B79A-46D1BD0E81FB}.Release|Any CPU.ActiveCfg = Release|Any CPU
		{04855CD9-50AD-484D-B79A-46D1BD0E81FB}.Release|Any CPU.Build.0 = Release|Any CPU
		{B3D8A25A-795D-43A1-9A21-57854B09244F}.Debug|Any CPU.ActiveCfg = Debug|Any CPU
		{B3D8A25A-795D-43A1-9A21-57854B09244F}.Debug|Any CPU.Build.0 = Debug|Any CPU
		{B3D8A25A-795D-43A1-9A21-57854B09244F}.Release|Any CPU.ActiveCfg = Release|Any CPU
		{B3D8A25A-795D-43A1-9A21-57854B09244F}.Release|Any CPU.Build.0 = Release|Any CPU
		{CCEFA09A-B97C-407C-8538-4A2F30FE1F39}.Debug|Any CPU.ActiveCfg = Debug|Any CPU
		{CCEFA09A-B97C-407C-8538-4A2F30FE1F39}.Debug|Any CPU.Build.0 = Debug|Any CPU
		{CCEFA09A-B97C-407C-8538-4A2F30FE1F39}.Release|Any CPU.ActiveCfg = Release|Any CPU
		{CCEFA09A-B97C-407C-8538-4A2F30FE1F39}.Release|Any CPU.Build.0 = Release|Any CPU
		{B284CFCF-E856-4866-ABB6-A508620B4D34}.Debug|Any CPU.ActiveCfg = Debug|Any CPU
		{B284CFCF-E856-4866-ABB6-A508620B4D34}.Debug|Any CPU.Build.0 = Debug|Any CPU
		{B284CFCF-E856-4866-ABB6-A508620B4D34}.Release|Any CPU.ActiveCfg = Release|Any CPU
		{B284CFCF-E856-4866-ABB6-A508620B4D34}.Release|Any CPU.Build.0 = Release|Any CPU
		{9912AB24-823E-4371-843A-74CAFAE7D7A6}.Debug|Any CPU.ActiveCfg = Debug|Any CPU
		{9912AB24-823E-4371-843A-74CAFAE7D7A6}.Debug|Any CPU.Build.0 = Debug|Any CPU
		{9912AB24-823E-4371-843A-74CAFAE7D7A6}.Release|Any CPU.ActiveCfg = Release|Any CPU
		{9912AB24-823E-4371-843A-74CAFAE7D7A6}.Release|Any CPU.Build.0 = Release|Any CPU
		{8A00C7FA-D774-4137-904F-923D42606BCD}.Debug|Any CPU.ActiveCfg = Debug|Any CPU
		{8A00C7FA-D774-4137-904F-923D42606BCD}.Debug|Any CPU.Build.0 = Debug|Any CPU
		{8A00C7FA-D774-4137-904F-923D42606BCD}.Release|Any CPU.ActiveCfg = Release|Any CPU
		{8A00C7FA-D774-4137-904F-923D42606BCD}.Release|Any CPU.Build.0 = Release|Any CPU
		{650AD3ED-F60D-4F98-8BF4-A447C6306B1D}.Debug|Any CPU.ActiveCfg = Debug|Any CPU
		{650AD3ED-F60D-4F98-8BF4-A447C6306B1D}.Debug|Any CPU.Build.0 = Debug|Any CPU
		{650AD3ED-F60D-4F98-8BF4-A447C6306B1D}.Release|Any CPU.ActiveCfg = Release|Any CPU
		{650AD3ED-F60D-4F98-8BF4-A447C6306B1D}.Release|Any CPU.Build.0 = Release|Any CPU
		{4F5004DE-D739-49D6-9F5A-AE8D05E2D566}.Debug|Any CPU.ActiveCfg = Debug|Any CPU
		{4F5004DE-D739-49D6-9F5A-AE8D05E2D566}.Debug|Any CPU.Build.0 = Debug|Any CPU
		{4F5004DE-D739-49D6-9F5A-AE8D05E2D566}.Release|Any CPU.ActiveCfg = Release|Any CPU
		{4F5004DE-D739-49D6-9F5A-AE8D05E2D566}.Release|Any CPU.Build.0 = Release|Any CPU
	EndGlobalSection
	GlobalSection(SolutionProperties) = preSolution
		HideSolutionNode = FALSE
	EndGlobalSection
	GlobalSection(NestedProjects) = preSolution
		{C94356F5-F194-4AAE-8DC5-3160CA5B314A} = {A1525764-5817-436D-9769-091BC8341B59}
		{29B0E4C3-B739-43C6-A206-9576B7B80197} = {A1525764-5817-436D-9769-091BC8341B59}
		{F560D2A7-F208-3AA1-C9D2-8BF5684A66BF} = {A1525764-5817-436D-9769-091BC8341B59}
		{24E000B9-CD95-4557-A107-D965C659D2A7} = {02EA681E-C7D8-13C7-8484-4AC65E1B71E8}
		{04855CD9-50AD-484D-B79A-46D1BD0E81FB} = {5EADD5A8-39B9-436F-8BEC-32D89B68CA38}
		{B3D8A25A-795D-43A1-9A21-57854B09244F} = {5EADD5A8-39B9-436F-8BEC-32D89B68CA38}
		{CCEFA09A-B97C-407C-8538-4A2F30FE1F39} = {677D467C-9A31-4A45-B9B4-458AAF98B6F9}
		{B284CFCF-E856-4866-ABB6-A508620B4D34} = {33493620-BB79-45F3-B2AE-241E67012347}
		{9912AB24-823E-4371-843A-74CAFAE7D7A6} = {677D467C-9A31-4A45-B9B4-458AAF98B6F9}
		{8A00C7FA-D774-4137-904F-923D42606BCD} = {02EA681E-C7D8-13C7-8484-4AC65E1B71E8}
		{650AD3ED-F60D-4F98-8BF4-A447C6306B1D} = {5EADD5A8-39B9-436F-8BEC-32D89B68CA38}
		{4F5004DE-D739-49D6-9F5A-AE8D05E2D566} = {33493620-BB79-45F3-B2AE-241E67012347}
	EndGlobalSection
	GlobalSection(ExtensibilityGlobals) = postSolution
		SolutionGuid = {EAE8EFFA-E12B-46B7-94D5-45C33F646BA9}
	EndGlobalSection
EndGlobal
