
Microsoft Visual Studio Solution File, Format Version 12.00
# Visual Studio Version 17
VisualStudioVersion = 17.0.31903.59
MinimumVisualStudioVersion = 10.0.40219.1
Project("{9A19103F-16F7-4668-BE54-9A1E7A4F7556}") = "ChatApp.Api", "source\ChatApp.Api\ChatApp.Api.csproj", "{C94356F5-F194-4AAE-8DC5-3160CA5B314A}"
EndProject
Project("{9A19103F-16F7-4668-BE54-9A1E7A4F7556}") = "ChatApp.Infrastructure", "source\ChatApp.Infrastructure\ChatApp.Infrastructure.csproj", "{234C80F5-58C4-4B67-AB3D-9AF7625D4B67}"
EndProject
Project("{9A19103F-16F7-4668-BE54-9A1E7A4F7556}") = "ChatApp.Domain", "source\ChatApp.Domain\ChatApp.Domain.csproj", "{B20ACB76-4364-4A42-BCB4-10F57AB06A22}"
EndProject
Project("{9A19103F-16F7-4668-BE54-9A1E7A4F7556}") = "ChatApp.Application", "source\ChatApp.Application\ChatApp.Application.csproj", "{E1387675-75F4-4CB6-8D0F-3A4F403270E1}"
EndProject
Project("{9A19103F-16F7-4668-BE54-9A1E7A4F7556}") = "ChatApp.IntegrationTests", "tests\ChatApp.IntegrationTests\ChatApp.IntegrationTests.csproj", "{AE2BB131-F6D0-486C-93DA-00089D982D98}"
EndProject
Project("{9A19103F-16F7-4668-BE54-9A1E7A4F7556}") = "ChatApp.DbUp", "source\ChatApp.DbUp\ChatApp.DbUp.csproj", "{A5A220F4-F1E0-4B45-BB8E-25B54DB752BA}"
EndProject
Project("{9A19103F-16F7-4668-BE54-9A1E7A4F7556}") = "ChatApp.Web", "source\ChatApp.Web\ChatApp.Web.csproj", "{E10DC892-7507-4CCE-95C8-67AD859B8B5F}"
EndProject
Project("{FAE04EC0-301F-11D3-BF4B-00C04F79EFBC}") = "ChatApp.UnitTests", "tests\ChatApp.UnitTests\ChatApp.UnitTests.csproj", "{5ACFF410-D015-42DD-99CB-931FDF0BF6EC}"
EndProject
Project("{FAE04EC0-301F-11D3-BF4B-00C04F79EFBC}") = "ChatApp.Contracts", "source\ChatApp.Contracts\ChatApp.Contracts.csproj", "{DFB587F2-5135-4356-9A40-6992B03A9545}"
EndProject
Global
	GlobalSection(SolutionConfigurationPlatforms) = preSolution
		Debug|Any CPU = Debug|Any CPU
		Release|Any CPU = Release|Any CPU
	EndGlobalSection
	GlobalSection(ProjectConfigurationPlatforms) = postSolution
		{C94356F5-F194-4AAE-8DC5-3160CA5B314A}.Debug|Any CPU.ActiveCfg = Debug|Any CPU
		{C94356F5-F194-4AAE-8DC5-3160CA5B314A}.Debug|Any CPU.Build.0 = Debug|Any CPU
		{C94356F5-F194-4AAE-8DC5-3160CA5B314A}.Release|Any CPU.ActiveCfg = Release|Any CPU
		{C94356F5-F194-4AAE-8DC5-3160CA5B314A}.Release|Any CPU.Build.0 = Release|Any CPU
		{234C80F5-58C4-4B67-AB3D-9AF7625D4B67}.Debug|Any CPU.ActiveCfg = Debug|Any CPU
		{234C80F5-58C4-4B67-AB3D-9AF7625D4B67}.Debug|Any CPU.Build.0 = Debug|Any CPU
		{234C80F5-58C4-4B67-AB3D-9AF7625D4B67}.Release|Any CPU.ActiveCfg = Release|Any CPU
		{234C80F5-58C4-4B67-AB3D-9AF7625D4B67}.Release|Any CPU.Build.0 = Release|Any CPU
		{B20ACB76-4364-4A42-BCB4-10F57AB06A22}.Debug|Any CPU.ActiveCfg = Debug|Any CPU
		{B20ACB76-4364-4A42-BCB4-10F57AB06A22}.Debug|Any CPU.Build.0 = Debug|Any CPU
		{B20ACB76-4364-4A42-BCB4-10F57AB06A22}.Release|Any CPU.ActiveCfg = Release|Any CPU
		{B20ACB76-4364-4A42-BCB4-10F57AB06A22}.Release|Any CPU.Build.0 = Release|Any CPU
		{E1387675-75F4-4CB6-8D0F-3A4F403270E1}.Debug|Any CPU.ActiveCfg = Debug|Any CPU
		{E1387675-75F4-4CB6-8D0F-3A4F403270E1}.Debug|Any CPU.Build.0 = Debug|Any CPU
		{E1387675-75F4-4CB6-8D0F-3A4F403270E1}.Release|Any CPU.ActiveCfg = Release|Any CPU
		{E1387675-75F4-4CB6-8D0F-3A4F403270E1}.Release|Any CPU.Build.0 = Release|Any CPU
		{AE2BB131-F6D0-486C-93DA-00089D982D98}.Debug|Any CPU.ActiveCfg = Debug|Any CPU
		{AE2BB131-F6D0-486C-93DA-00089D982D98}.Debug|Any CPU.Build.0 = Debug|Any CPU
		{AE2BB131-F6D0-486C-93DA-00089D982D98}.Release|Any CPU.ActiveCfg = Release|Any CPU
		{AE2BB131-F6D0-486C-93DA-00089D982D98}.Release|Any CPU.Build.0 = Release|Any CPU
		{A5A220F4-F1E0-4B45-BB8E-25B54DB752BA}.Debug|Any CPU.ActiveCfg = Debug|Any CPU
		{A5A220F4-F1E0-4B45-BB8E-25B54DB752BA}.Debug|Any CPU.Build.0 = Debug|Any CPU
		{A5A220F4-F1E0-4B45-BB8E-25B54DB752BA}.Release|Any CPU.ActiveCfg = Release|Any CPU
		{A5A220F4-F1E0-4B45-BB8E-25B54DB752BA}.Release|Any CPU.Build.0 = Release|Any CPU
		{E10DC892-7507-4CCE-95C8-67AD859B8B5F}.Debug|Any CPU.ActiveCfg = Debug|Any CPU
		{E10DC892-7507-4CCE-95C8-67AD859B8B5F}.Debug|Any CPU.Build.0 = Debug|Any CPU
		{E10DC892-7507-4CCE-95C8-67AD859B8B5F}.Release|Any CPU.ActiveCfg = Release|Any CPU
		{E10DC892-7507-4CCE-95C8-67AD859B8B5F}.Release|Any CPU.Build.0 = Release|Any CPU
		{5ACFF410-D015-42DD-99CB-931FDF0BF6EC}.Debug|Any CPU.ActiveCfg = Debug|Any CPU
		{5ACFF410-D015-42DD-99CB-931FDF0BF6EC}.Debug|Any CPU.Build.0 = Debug|Any CPU
		{5ACFF410-D015-42DD-99CB-931FDF0BF6EC}.Release|Any CPU.ActiveCfg = Release|Any CPU
		{5ACFF410-D015-42DD-99CB-931FDF0BF6EC}.Release|Any CPU.Build.0 = Release|Any CPU
		{DFB587F2-5135-4356-9A40-6992B03A9545}.Debug|Any CPU.ActiveCfg = Debug|Any CPU
		{DFB587F2-5135-4356-9A40-6992B03A9545}.Debug|Any CPU.Build.0 = Debug|Any CPU
		{DFB587F2-5135-4356-9A40-6992B03A9545}.Release|Any CPU.ActiveCfg = Release|Any CPU
		{DFB587F2-5135-4356-9A40-6992B03A9545}.Release|Any CPU.Build.0 = Release|Any CPU
	EndGlobalSection
	GlobalSection(SolutionProperties) = preSolution
		HideSolutionNode = FALSE
	EndGlobalSection
	GlobalSection(ExtensibilityGlobals) = postSolution
		SolutionGuid = {EAE8EFFA-E12B-46B7-94D5-45C33F646BA9}
	EndGlobalSection
EndGlobal
